
Microsoft Visual Studio Solution File, Format Version 12.00
# Visual Studio Version 17
VisualStudioVersion = 17.4.33205.214
MinimumVisualStudioVersion = 10.0.40219.1
Project("{FAE04EC0-301F-11D3-BF4B-00C04F79EFBC}") = "Riddling Tic-Tac-Toe", "Riddling Tic-Tac-Toe\Riddling Tic-Tac-Toe.csproj", "{0F6F85DF-341B-4E89-8349-7A586519DA15}"
EndProject
Global
	GlobalSection(SolutionConfigurationPlatforms) = preSolution
		Debug|Any CPU = Debug|Any CPU
		Release|Any CPU = Release|Any CPU
	EndGlobalSection
	GlobalSection(ProjectConfigurationPlatforms) = postSolution
		{0F6F85DF-341B-4E89-8349-7A586519DA15}.Debug|Any CPU.ActiveCfg = Debug|Any CPU
		{0F6F85DF-341B-4E89-8349-7A586519DA15}.Debug|Any CPU.Build.0 = Debug|Any CPU
		{0F6F85DF-341B-4E89-8349-7A586519DA15}.Release|Any CPU.ActiveCfg = Release|Any CPU
		{0F6F85DF-341B-4E89-8349-7A586519DA15}.Release|Any CPU.Build.0 = Release|Any CPU
	EndGlobalSection
	GlobalSection(SolutionProperties) = preSolution
		HideSolutionNode = FALSE
	EndGlobalSection
	GlobalSection(ExtensibilityGlobals) = postSolution
		SolutionGuid = {AB7C0EE0-90AF-4B93-9DC1-D372C3A20496}
	EndGlobalSection
EndGlobal
